{
  "version": 4,
  "terraform_version": "1.9.6",
  "serial": 5,
  "lineage": "36dcb221-a3b4-e3f0-1a46-dfcd3cb3ab8b",
  "outputs": {
    "app_service_name": {
      "value": "flask-api-flask-app",
      "type": "string"
    },
    "app_service_url": {
      "value": "flask-api-flask-app.azurewebsites.net",
      "type": "string"
    }
  },
  "resources": [
    {
      "mode": "managed",
      "type": "azurerm_app_service",
      "name": "app",
      "provider": "provider[\"registry.terraform.io/hashicorp/azurerm\"]",
      "instances": [
        {
          "schema_version": 0,
          "attributes": {
            "app_service_plan_id": "/subscriptions/9e01d033-be6a-400c-91a9-6376a10e4f16/resourceGroups/flask-api-rg/providers/Microsoft.Web/serverFarms/flask-api-appserviceplan",
            "app_settings": {
              "DOCKER_REGISTRY_SERVER_PASSWORD": "EqjiteqsT5+8B9lG3R2vBQntQ424n9VT8l4Zdvjtn3+ACRDVU5x0",
              "DOCKER_REGISTRY_SERVER_URL": "flaskapiacr.azurecr.io",
              "DOCKER_REGISTRY_SERVER_USERNAME": "flaskapiacr",
              "WEBSITES_ENABLE_APP_SERVICE_STORAGE": "false"
            },
            "auth_settings": [
              {
                "active_directory": [],
                "additional_login_params": {},
                "allowed_external_redirect_urls": [],
                "default_provider": "",
                "enabled": false,
                "facebook": [],
                "google": [],
                "issuer": "",
                "microsoft": [],
                "runtime_version": "",
                "token_refresh_extension_hours": 0,
                "token_store_enabled": false,
                "twitter": [],
                "unauthenticated_client_action": ""
              }
            ],
            "backup": [],
            "client_affinity_enabled": false,
            "client_cert_enabled": false,
            "client_cert_mode": "Required",
            "connection_string": [],
            "custom_domain_verification_id": "2994A27E689EE31C7C3B986A5136E7B59930C6144DF2FEA85140D6824704B143",
            "default_site_hostname": "flask-api-flask-app.azurewebsites.net",
            "enabled": true,
            "https_only": false,
            "id": "/subscriptions/9e01d033-be6a-400c-91a9-6376a10e4f16/resourceGroups/flask-api-rg/providers/Microsoft.Web/sites/flask-api-flask-app",
            "identity": [],
            "key_vault_reference_identity_id": "SystemAssigned",
            "location": "francecentral",
            "logs": [
              {
                "application_logs": [
                  {
                    "azure_blob_storage": [],
                    "file_system_level": "Off"
                  }
                ],
                "detailed_error_messages_enabled": false,
                "failed_request_tracing_enabled": false,
                "http_logs": [
                  {
                    "azure_blob_storage": [],
                    "file_system": []
                  }
                ]
              }
            ],
            "name": "flask-api-flask-app",
            "outbound_ip_address_list": [
              "4.233.19.193",
              "4.233.19.219",
              "4.233.19.227",
              "4.233.19.237",
              "4.233.20.23",
              "4.233.20.31",
              "4.233.18.149",
              "4.233.18.160",
              "4.233.18.184",
              "4.233.18.191",
              "4.233.18.194",
              "4.233.18.208",
              "20.111.1.13"
            ],
            "outbound_ip_addresses": "4.233.19.193,4.233.19.219,4.233.19.227,4.233.19.237,4.233.20.23,4.233.20.31,4.233.18.149,4.233.18.160,4.233.18.184,4.233.18.191,4.233.18.194,4.233.18.208,20.111.1.13",
            "possible_outbound_ip_address_list": [
              "4.233.19.193",
              "4.233.19.219",
              "4.233.19.227",
              "4.233.19.237",
              "4.233.20.23",
              "4.233.20.31",
              "4.233.18.149",
              "4.233.18.160",
              "4.233.18.184",
              "4.233.18.191",
              "4.233.18.194",
              "4.233.18.208",
              "4.233.18.210",
              "4.233.18.212",
              "4.233.18.254",
              "4.233.19.23",
              "4.233.17.109",
              "4.233.19.33",
              "4.233.19.103",
              "4.233.19.119",
              "4.233.19.124",
              "4.233.19.146",
              "4.233.19.171",
              "4.233.19.182",
              "4.233.20.53",
              "4.233.20.54",
              "4.233.20.64",
              "4.233.20.76",
              "4.233.20.103",
              "4.233.20.109",
              "20.111.1.13"
            ],
            "possible_outbound_ip_addresses": "4.233.19.193,4.233.19.219,4.233.19.227,4.233.19.237,4.233.20.23,4.233.20.31,4.233.18.149,4.233.18.160,4.233.18.184,4.233.18.191,4.233.18.194,4.233.18.208,4.233.18.210,4.233.18.212,4.233.18.254,4.233.19.23,4.233.17.109,4.233.19.33,4.233.19.103,4.233.19.119,4.233.19.124,4.233.19.146,4.233.19.171,4.233.19.182,4.233.20.53,4.233.20.54,4.233.20.64,4.233.20.76,4.233.20.103,4.233.20.109,20.111.1.13",
            "resource_group_name": "flask-api-rg",
            "site_config": [
              {
                "acr_use_managed_identity_credentials": false,
                "acr_user_managed_identity_client_id": "",
                "always_on": false,
                "app_command_line": "",
                "auto_swap_slot_name": "",
                "cors": [
                  {
                    "allowed_origins": [],
                    "support_credentials": false
                  }
                ],
                "default_documents": null,
                "dotnet_framework_version": "v4.0",
                "ftps_state": "FtpsOnly",
                "health_check_path": "",
                "http2_enabled": false,
                "ip_restriction": [],
                "java_container": "",
                "java_container_version": "",
                "java_version": "",
                "linux_fx_version": "DOCKER|flaskapiacr.azurecr.io/flask-api:latest",
                "local_mysql_enabled": false,
                "managed_pipeline_mode": "Integrated",
                "min_tls_version": "1.2",
                "number_of_workers": 1,
                "php_version": "",
                "python_version": "",
                "remote_debugging_enabled": false,
                "remote_debugging_version": "VS2022",
                "scm_ip_restriction": [],
                "scm_type": "None",
                "scm_use_main_ip_restriction": false,
                "use_32_bit_worker_process": false,
                "vnet_route_all_enabled": false,
                "websockets_enabled": false,
                "windows_fx_version": ""
              }
            ],
            "site_credential": [
              {
                "password": "p47fqlQaAvsdu1ChSllpkjqKpt0ZlTB4QCCFvLtJaAmCjG9aWzmxH0QsuZTg",
                "username": "$flask-api-flask-app"
              }
            ],
            "source_control": [
              {
                "branch": "main",
                "manual_integration": false,
                "repo_url": "",
                "rollback_enabled": false,
                "use_mercurial": false
              }
            ],
            "storage_account": [],
            "tags": null,
            "timeouts": null
          },
          "sensitive_attributes": [
            [
              {
                "type": "get_attr",
                "value": "app_settings"
              },
              {
                "type": "index",
                "value": {
                  "value": "DOCKER_REGISTRY_SERVER_PASSWORD",
                  "type": "string"
                }
              }
            ]
          ],
          "private": "eyJlMmJmYjczMC1lY2FhLTExZTYtOGY4OC0zNDM2M2JjN2M0YzAiOnsiY3JlYXRlIjoxODAwMDAwMDAwMDAwLCJkZWxldGUiOjE4MDAwMDAwMDAwMDAsInJlYWQiOjMwMDAwMDAwMDAwMCwidXBkYXRlIjoxODAwMDAwMDAwMDAwfX0=",
          "dependencies": [
            "azurerm_app_service_plan.asp",
            "azurerm_container_registry.acr",
            "azurerm_resource_group.rg"
          ]
        }
      ]
    },
    {
      "mode": "managed",
      "type": "azurerm_app_service_plan",
      "name": "asp",
      "provider": "provider[\"registry.terraform.io/hashicorp/azurerm\"]",
      "instances": [
        {
          "schema_version": 1,
          "attributes": {
            "app_service_environment_id": "",
            "id": "/subscriptions/9e01d033-be6a-400c-91a9-6376a10e4f16/resourceGroups/flask-api-rg/providers/Microsoft.Web/serverFarms/flask-api-appserviceplan",
            "is_xenon": false,
            "kind": "linux",
            "location": "francecentral",
            "maximum_elastic_worker_count": 1,
            "maximum_number_of_workers": 3,
            "name": "flask-api-appserviceplan",
            "per_site_scaling": false,
            "reserved": true,
            "resource_group_name": "flask-api-rg",
            "sku": [
              {
                "capacity": 1,
                "size": "B1",
                "tier": "Basic"
              }
            ],
            "tags": null,
            "timeouts": null,
            "zone_redundant": false
          },
          "sensitive_attributes": [],
          "private": "eyJlMmJmYjczMC1lY2FhLTExZTYtOGY4OC0zNDM2M2JjN2M0YzAiOnsiY3JlYXRlIjozNjAwMDAwMDAwMDAwLCJkZWxldGUiOjM2MDAwMDAwMDAwMDAsInJlYWQiOjMwMDAwMDAwMDAwMCwidXBkYXRlIjozNjAwMDAwMDAwMDAwfSwic2NoZW1hX3ZlcnNpb24iOiIxIn0=",
          "dependencies": [
            "azurerm_resource_group.rg"
          ]
        }
      ]
    },
    {
      "mode": "managed",
      "type": "azurerm_container_registry",
      "name": "acr",
      "provider": "provider[\"registry.terraform.io/hashicorp/azurerm\"]",
      "instances": [
        {
          "schema_version": 2,
          "attributes": {
            "admin_enabled": true,
            "admin_password": "EqjiteqsT5+8B9lG3R2vBQntQ424n9VT8l4Zdvjtn3+ACRDVU5x0",
            "admin_username": "flaskapiacr",
            "anonymous_pull_enabled": false,
            "data_endpoint_enabled": false,
            "encryption": [],
            "export_policy_enabled": true,
            "georeplications": [],
            "id": "/subscriptions/9e01d033-be6a-400c-91a9-6376a10e4f16/resourceGroups/flask-api-rg/providers/Microsoft.ContainerRegistry/registries/flaskapiacr",
            "identity": [],
            "location": "francecentral",
            "login_server": "flaskapiacr.azurecr.io",
            "name": "flaskapiacr",
            "network_rule_bypass_option": "AzureServices",
            "network_rule_set": [],
            "public_network_access_enabled": true,
            "quarantine_policy_enabled": false,
            "resource_group_name": "flask-api-rg",
            "retention_policy_in_days": 0,
            "sku": "Basic",
            "tags": null,
            "timeouts": null,
            "trust_policy_enabled": false,
            "zone_redundancy_enabled": false
          },
          "sensitive_attributes": [
            [
              {
                "type": "get_attr",
                "value": "admin_password"
              }
            ]
          ],
          "private": "eyJlMmJmYjczMC1lY2FhLTExZTYtOGY4OC0zNDM2M2JjN2M0YzAiOnsiY3JlYXRlIjoxODAwMDAwMDAwMDAwLCJkZWxldGUiOjE4MDAwMDAwMDAwMDAsInJlYWQiOjMwMDAwMDAwMDAwMCwidXBkYXRlIjoxODAwMDAwMDAwMDAwfSwic2NoZW1hX3ZlcnNpb24iOiIyIn0=",
          "dependencies": [
            "azurerm_resource_group.rg"
          ]
        }
      ]
    },
    {
      "mode": "managed",
      "type": "azurerm_resource_group",
      "name": "rg",
      "provider": "provider[\"registry.terraform.io/hashicorp/azurerm\"]",
      "instances": [
        {
          "schema_version": 0,
          "attributes": {
            "id": "/subscriptions/9e01d033-be6a-400c-91a9-6376a10e4f16/resourceGroups/flask-api-rg",
            "location": "francecentral",
            "managed_by": "",
            "name": "flask-api-rg",
            "tags": null,
            "timeouts": null
          },
          "sensitive_attributes": [],
          "private": "eyJlMmJmYjczMC1lY2FhLTExZTYtOGY4OC0zNDM2M2JjN2M0YzAiOnsiY3JlYXRlIjo1NDAwMDAwMDAwMDAwLCJkZWxldGUiOjU0MDAwMDAwMDAwMDAsInJlYWQiOjMwMDAwMDAwMDAwMCwidXBkYXRlIjo1NDAwMDAwMDAwMDAwfX0="
        }
      ]
    }
  ],
  "check_results": null
}
